
Microsoft Visual Studio Solution File, Format Version 12.00
# Visual Studio 15
VisualStudioVersion = 15.0.27428.1
MinimumVisualStudioVersion = 10.0.40219.1
Project("{FAE04EC0-301F-11D3-BF4B-00C04F79EFBC}") = "TodoApi", "TodoApi\TodoApi.csproj", "{D9F86F17-3CEF-4BF1-A039-AC6ADFC6F16E}"
EndProject
Global
	GlobalSection(SolutionConfigurationPlatforms) = preSolution
		Debug|Any CPU = Debug|Any CPU
		Release|Any CPU = Release|Any CPU
	EndGlobalSection
	GlobalSection(ProjectConfigurationPlatforms) = postSolution
		{D9F86F17-3CEF-4BF1-A039-AC6ADFC6F16E}.Debug|Any CPU.ActiveCfg = Debug|Any CPU
		{D9F86F17-3CEF-4BF1-A039-AC6ADFC6F16E}.Debug|Any CPU.Build.0 = Debug|Any CPU
		{D9F86F17-3CEF-4BF1-A039-AC6ADFC6F16E}.Release|Any CPU.ActiveCfg = Release|Any CPU
		{D9F86F17-3CEF-4BF1-A039-AC6ADFC6F16E}.Release|Any CPU.Build.0 = Release|Any CPU
	EndGlobalSection
	GlobalSection(SolutionProperties) = preSolution
		HideSolutionNode = FALSE
	EndGlobalSection
	GlobalSection(ExtensibilityGlobals) = postSolution
		SolutionGuid = {0A886ED2-9C6E-4074-A27C-46CA6FE0539B}
	EndGlobalSection
EndGlobal
